version = 1
revision = 3
requires-python = ">=3.11"

[[package]]
name = "fast-blurhash"
version = "0.4.0"
source = { registry = "https://pypi.org/simple" }
sdist = { url = "https://files.pythonhosted.org/packages/98/bf/94c1ffaaa1490cd92bbe259e7cd8884a9212a72dd2793939f2be0148a2fd/fast_blurhash-0.4.0.tar.gz", hash = "sha256:09183fd75ec664bf76829b7926a32766b5d638d2b0431ddf2541040f55187308", size = 2467026, upload-time = "2025-08-16T22:04:39.769Z" }
wheels = [
    { url = "https://files.pythonhosted.org/packages/77/f5/fc913ec90c84e4eae5c2268c376ad1f2eb82bba9341a000db968c519f8dd/fast_blurhash-0.4.0-cp310-abi3-macosx_10_12_x86_64.whl", hash = "sha256:e61ad9192d05cf590f9eafd788183c998146113b63b23c8d3aa5d07c84ea89c9", size = 190314, upload-time = "2025-08-16T22:04:33.834Z" },
    { url = "https://files.pythonhosted.org/packages/37/6d/fc02b21596a48829651cbdb00c8464cb8a78bcc6a37ca7c0b9516bfe302f/fast_blurhash-0.4.0-cp310-abi3-macosx_11_0_arm64.whl", hash = "sha256:363470ae409d2abada517a664f4ff341a8a07fe0656c0b321e8bf55a2bfe8e88", size = 176887, upload-time = "2025-08-16T22:04:32.659Z" },
    { url = "https://files.pythonhosted.org/packages/71/23/f7cbef8ff8c55a3b9690e74e2fe451f96051ff35e8ed86bec9cf8fec49c7/fast_blurhash-0.4.0-cp310-abi3-manylinux_2_17_aarch64.manylinux2014_aarch64.whl", hash = "sha256:cc3526e1e7f1ab21c5f266a0dca761288421d3c8c926399636ea9249a33b059b", size = 185645, upload-time = "2025-08-16T22:04:25.409Z" },
    { url = "https://files.pythonhosted.org/packages/33/c9/ee91a5fd72ccd57df223a31868446954fd019d68ecd6cf796175dbafa9f4/fast_blurhash-0.4.0-cp310-abi3-manylinux_2_17_armv7l.manylinux2014_armv7l.whl", hash = "sha256:c0fe851291d01d7405d8b48eadbf81f4fff05a1e5dee6d307479f6a31f5c7ff8", size = 197365, upload-time = "2025-08-16T22:04:26.681Z" },
    { url = "https://files.pythonhosted.org/packages/17/6f/efa72c3b27b6166eea31f2d86822f3d9cef5b9553f8e86bbdc63980b48c8/fast_blurhash-0.4.0-cp310-abi3-manylinux_2_17_ppc64le.manylinux2014_ppc64le.whl", hash = "sha256:65c1e520035087510ff539d49b59a48232fa32889838e03112e29071fc49244a", size = 219660, upload-time = "2025-08-16T22:04:28.074Z" },
    { url = "https://files.pythonhosted.org/packages/e7/6a/9d871a7cc40ee4468ae5a044c8a6c73017b92537eaae0036e882c533cc0e/fast_blurhash-0.4.0-cp310-abi3-manylinux_2_17_s390x.manylinux2014_s390x.whl", hash = "sha256:7ff3f386e24fb773af7878168d95c5d73cf5e40708b14115ec64c50eb50d1b28", size = 232278, upload-time = "2025-08-16T22:04:28.941Z" },
    { url = "https://files.pythonhosted.org/packages/fd/4e/cdbdd6f100170aed238be017c155dd569db8f7098caf3ab035846f85a62e/fast_blurhash-0.4.0-cp310-abi3-manylinux_2_17_x86_64.manylinux2014_x86_64.whl", hash = "sha256:1b3122121031641cba88e6b15587704f3fe62fde1c2d8980dea10834c5e56d92", size = 197570, upload-time = "2025-08-16T22:04:31.398Z" },
    { url = "https://files.pythonhosted.org/packages/ef/03/bd0a3a3dc23211dafc6aa9d721549b586a1472276f88ea8ea4bcbff80eec/fast_blurhash-0.4.0-cp310-abi3-manylinux_2_5_i686.manylinux1_i686.whl", hash = "sha256:467641d15eb308bfc7cd5987f6e832dee6fa2869bd98f22630ee3f182a55d22c", size = 212632, upload-time = "2025-08-16T22:04:30.134Z" },
    { url = "https://files.pythonhosted.org/packages/93/be/674df44db17f8f87948eb0de99912a4f9b54bc22f9a71b82cba656d8d81e/fast_blurhash-0.4.0-cp310-abi3-musllinux_1_2_aarch64.whl", hash = "sha256:714be3d4c7de62a53f1562c282df490fc3db51cb2c6333ec47c5c3f0c4055fa5", size = 366046, upload-time = "2025-08-16T22:04:35.208Z" },
    { url = "https://files.pythonhosted.org/packages/6d/ff/8994e6572b0b63416d80c6447c73c67626ec483d2abc51ac2e99db865a63/fast_blurhash-0.4.0-cp310-abi3-musllinux_1_2_armv7l.whl", hash = "sha256:75db5414e53c799e2974c67e6f64d262381de3ac8fbc7540553a24d12c97348f", size = 460948, upload-time = "2025-08-16T22:04:36.578Z" },
    { url = "https://files.pythonhosted.org/packages/76/93/63dc1809ced281eb4f7aaa2c465380dbe0fb951f7d61331a7c5414f42da5/fast_blurhash-0.4.0-cp310-abi3-musllinux_1_2_i686.whl", hash = "sha256:dfc53854e75979b4763b576313d8dec8e877e38cf0912327ec475bcb35eae2ce", size = 394114, upload-time = "2025-08-16T22:04:37.602Z" },
    { url = "https://files.pythonhosted.org/packages/17/d1/467621516fab0dcf30cbbb6e4942474d56d6737a9b5ee1e7af369c5c408a/fast_blurhash-0.4.0-cp310-abi3-musllinux_1_2_x86_64.whl", hash = "sha256:360233d23ebcc8e10b7bdde0f7171f6e010f2d56c0241df8031ef643e381be44", size = 369074, upload-time = "2025-08-16T22:04:38.553Z" },
    { url = "https://files.pythonhosted.org/packages/8d/e0/b68d30e868bed1e84dc05bf2de0d82dd7db825a50dcc36b9546cc325e904/fast_blurhash-0.4.0-cp310-abi3-win32.whl", hash = "sha256:9f36dad4661ea9bb2bb2e025e07e32af4265dd0c6f78560effe4d78e3ddb1094", size = 101144, upload-time = "2025-08-16T22:04:41.753Z" },
    { url = "https://files.pythonhosted.org/packages/5c/c1/af25216917c59836ec789a959807a3db388f6fe71c2fdf01a2ae171fad99/fast_blurhash-0.4.0-cp310-abi3-win_amd64.whl", hash = "sha256:c6178e0bb8d4bacc9e0c3acc119957fdc589e1a2cea19ebf65119560d1132280", size = 104882, upload-time = "2025-08-16T22:04:40.956Z" },
]

[[package]]
name = "fileseq"
version = "3.3.0"
source = { registry = "https://pypi.org/simple" }
sdist = { url = "https://files.pythonhosted.org/packages/ca/9f/211f4c1a07706dfd8ac92c64b17f2531891613019508bc5a59300a40ea56/fileseq-3.3.0.tar.gz", hash = "sha256:e4b2d44c218863fb913fbe8abd6adce5f7c3b88be42f016270b2c9525094bda0", size = 2176275, upload-time = "2026-07-05T03:35:33.156Z" }
wheels = [
    { url = "https://files.pythonhosted.org/packages/f3/18/b429fd820c432a65ab3ae176cd32ddc29d0de532dfa762e5a71563ef848c/fileseq-3.3.0-py3-none-any.whl", hash = "sha256:433e84b410381405e7fc06c559847e0cb05dd5f267fbc41ab06b491ecfddbdac", size = 205858, upload-time = "2026-07-05T03:35:31.752Z" },
]

[[package]]
name = "javelin"
version = "0.1.0"
source = { editable = "." }
dependencies = [
    { name = "fast-blurhash" },
    { name = "fileseq" },
    { name = "qtawesome" },
    { name = "qtpy" },
    { name = "shotgun-api3" },
]

[package.optional-dependencies]
standalone = [
    { name = "pyside6" },
]

[package.metadata]
requires-dist = [
    { name = "fast-blurhash", specifier = ">=0.4.0" },
    { name = "fileseq", specifier = ">=3.3.0" },
    { name = "pyside6", marker = "extra == 'standalone'", specifier = ">=6.11.1" },
    { name = "qtawesome", specifier = ">=1.4.2" },
    { name = "qtpy", specifier = ">=2.4.3" },
    { name = "shotgun-api3", git = "https://github.com/shotgunsoftware/python-api.git" },
]
provides-extras = ["standalone"]

[[package]]
name = "packaging"
version = "26.2"
source = { registry = "https://pypi.org/simple" }
sdist = { url = "https://files.pythonhosted.org/packages/d7/f1/e7a6dd94a8d4a5626c03e4e99c87f241ba9e350cd9e6d75123f992427270/packaging-26.2.tar.gz", hash = "sha256:ff452ff5a3e828ce110190feff1178bb1f2ea2281fa2075aadb987c2fb221661", size = 228134, upload-time = "2026-04-24T20:15:23.917Z" }
wheels = [
    { url = "https://files.pythonhosted.org/packages/df/b2/87e62e8c3e2f4b32e5fe99e0b86d576da1312593b39f47d8ceef365e95ed/packaging-26.2-py3-none-any.whl", hash = "sha256:5fc45236b9446107ff2415ce77c807cee2862cb6fac22b8a73826d0693b0980e", size = 100195, upload-time = "2026-04-24T20:15:22.081Z" },
]

[[package]]
name = "pyside6"
version = "6.11.1"
source = { registry = "https://pypi.org/simple" }
dependencies = [
    { name = "pyside6-addons" },
    { name = "pyside6-essentials" },
    { name = "shiboken6" },
]
wheels = [
    { url = "https://files.pythonhosted.org/packages/da/a6/27ba5947ed48918f7b74b7c43a1e280aac069e36f25adeb4c9adfac835c4/pyside6-6.11.1-cp310-abi3-macosx_13_0_universal2.whl", hash = "sha256:537682c3b7530817203e667c1f5a2f00486b37bf52c52eeab438544c7a0917f6", size = 571921, upload-time = "2026-05-13T09:47:36.402Z" },
    { url = "https://files.pythonhosted.org/packages/d8/de/af89d71410c83b10654d86ff9aff2a4f87c30163658f1cc145242e222526/pyside6-6.11.1-cp310-abi3-manylinux_2_34_x86_64.whl", hash = "sha256:b1fc521ba2bb5109425ab8add06bddbdd524abcad06cfa012cc39a22a189feb2", size = 572102, upload-time = "2026-05-13T09:47:38.249Z" },
    { url = "https://files.pythonhosted.org/packages/b6/0e/d583bd3f7bf5046a4497b36f3902cfb64aa29554489a5a25c18e6b4ac0ac/pyside6-6.11.1-cp310-abi3-manylinux_2_39_aarch64.whl", hash = "sha256:75f0005c3eb95c07cfb65522ec50d0815ac007a96482c21dc3cb4b4c04895d84", size = 572098, upload-time = "2026-05-13T09:47:39.44Z" },
    { url = "https://files.pythonhosted.org/packages/57/f2/d9d8ce1373dabb37e5919f63cd18446556079631d3f2eea3ada03c29f6b8/pyside6-6.11.1-cp310-abi3-win_amd64.whl", hash = "sha256:0968877ab1fb4ef3587a284da6fe05e8647ada56a6a3750b6395188e01f4aba6", size = 578377, upload-time = "2026-05-13T09:47:40.76Z" },
    { url = "https://files.pythonhosted.org/packages/96/02/a6057d8bd2bdb1940820fff2d627fdf4013148c9c57adf69fa40d3452ac3/pyside6-6.11.1-cp310-abi3-win_arm64.whl", hash = "sha256:acee467cb5f256cc47ebb9d815a054c1d8416da380c191b247a76d164aa3f805", size = 561765, upload-time = "2026-05-13T09:47:41.9Z" },
]

[[package]]
name = "pyside6-addons"
version = "6.11.1"
source = { registry = "https://pypi.org/simple" }
dependencies = [
    { name = "pyside6-essentials" },
    { name = "shiboken6" },
]
wheels = [
    { url = "https://files.pythonhosted.org/packages/3f/6b/8bc94aff48b63f788f2d84e5467c12362d68906ba742c0942f46cb04c879/pyside6_addons-6.11.1-cp310-abi3-macosx_13_0_universal2.whl", hash = "sha256:54733c77f789bef5f03c6aff4ad3bec8b2eff021f0cfcbc53d5e6c250ded24f9", size = 331714589, upload-time = "2026-05-13T09:39:12.36Z" },
    { url = "https://files.pythonhosted.org/packages/dd/62/fb1428a523b2a4541e232aab50d9e789e6b4526f37fd9593452a7ea5b6b3/pyside6_addons-6.11.1-cp310-abi3-manylinux_2_34_x86_64.whl", hash = "sha256:8e6c65fbd73a512d6f72cda8d8277444a85a34dc99dd1dae9c21d35b8671bb1f", size = 175063224, upload-time = "2026-05-13T09:39:34.185Z" },
    { url = "https://files.pythonhosted.org/packages/ee/9b/2ccd52f66db55c06de65d0501170a1935d04d64d0a230c0d892284a02ce3/pyside6_addons-6.11.1-cp310-abi3-manylinux_2_39_aarch64.whl", hash = "sha256:bf1c6c4e954e5eba3d2a7c661ad4b9689e8f09c7f4a16bdf29713371d11af993", size = 170553429, upload-time = "2026-05-13T09:39:54.424Z" },
    { url = "https://files.pythonhosted.org/packages/9a/bd/8adc4d350b3b363f3dfc8fccdcf5bfed25f7e36c2fff30c64e106f4f1572/pyside6_addons-6.11.1-cp310-abi3-win_amd64.whl", hash = "sha256:0d13c4dfd671b050a48e4f8d8ddc724b7248f9c0437e7fc47fdf316278572923", size = 168816308, upload-time = "2026-05-13T09:40:13.541Z" },
    { url = "https://files.pythonhosted.org/packages/65/b7/9a840d97f0f0f04e372a87e205dd30ee285b4e3b021b188459a917c9dc76/pyside6_addons-6.11.1-cp310-abi3-win_arm64.whl", hash = "sha256:3494f480dee92f415be2f2d989c0b3f4755ac332b28045cbf4ba0f5c5a22ba37", size = 35759347, upload-time = "2026-05-13T09:40:21.199Z" },
]

[[package]]
name = "pyside6-essentials"
version = "6.11.1"
source = { registry = "https://pypi.org/simple" }
dependencies = [
    { name = "shiboken6" },
]
wheels = [
    { url = "https://files.pythonhosted.org/packages/b3/da/10d9197e7370eb4fed8df5fc547b7548dec88e5c5949e2d450db4ae96feb/pyside6_essentials-6.11.1-cp310-abi3-macosx_13_0_universal2.whl", hash = "sha256:228de53c2bc26b07e5021fbe3614fc44ca08e4dab9999af08c2b389d2c239957", size = 110352945, upload-time = "2026-05-13T09:43:08.006Z" },
    { url = "https://files.pythonhosted.org/packages/5c/49/0e1237c4400bec7e335d2c4eeb49bc40d9fd88a9ac44ca9083ce1abdc308/pyside6_essentials-6.11.1-cp310-abi3-manylinux_2_34_x86_64.whl", hash = "sha256:e3ef7027b41e4e55fadb56e3b3257dc8ee92154b639fe67fc4c8e05e9d976c60", size = 79908535, upload-time = "2026-05-13T09:43:24.836Z" },
    { url = "https://files.pythonhosted.org/packages/4c/c5/da4c5f23c6540ac5211a1f60177c8dee84b1bf40f2719479587ab8c60731/pyside6_essentials-6.11.1-cp310-abi3-manylinux_2_39_aarch64.whl", hash = "sha256:a039b6da68a3a4b9d243217b2b98d475eed3f617159ef6be925badab53c11b0d", size = 78960051, upload-time = "2026-05-13T09:43:35.423Z" },
    { url = "https://files.pythonhosted.org/packages/64/0e/b663ecc96ca57b5c91b83b6615d6b174380b0faf30338125c26e053d6aa7/pyside6_essentials-6.11.1-cp310-abi3-win_amd64.whl", hash = "sha256:63311bd48e32c584599ab04b9ef7c324082374cd2c9fa533f978fb893bb47e40", size = 77549267, upload-time = "2026-05-13T09:43:44.92Z" },
    { url = "https://files.pythonhosted.org/packages/f1/12/eb6723faf5cb7fa581145da1c15f40d641b96e080f0491af2f1859fdeedb/pyside6_essentials-6.11.1-cp310-abi3-win_arm64.whl", hash = "sha256:11253ea52aabecefe9febddbbe78b43a824129e3af1cec98431028fba7fa954f", size = 57964512, upload-time = "2026-05-13T09:43:52.968Z" },
]

[[package]]
name = "qtawesome"
version = "1.4.2"
source = { registry = "https://pypi.org/simple" }
dependencies = [
    { name = "qtpy" },
]
sdist = { url = "https://files.pythonhosted.org/packages/cf/bc/475c8df94de4f358bbf7703747c13b16ae3c0c4cda50d5243b99cb45e2a8/qtawesome-1.4.2.tar.gz", hash = "sha256:b2bf9351beb335095006892796f072ffd9755a2d7e5113dc71918dcd9ba4ef4a", size = 2614207, upload-time = "2026-04-10T18:49:46.037Z" }
wheels = [
    { url = "https://files.pythonhosted.org/packages/25/b1/da1d826ccc9258674b26dd0abcbbb1c55cab06e7fbf2697518b67edc79fc/qtawesome-1.4.2-py3-none-any.whl", hash = "sha256:dbf08524428fa2df73918ce362153254cd44f089380576d84bfaad8f40eece45", size = 2593557, upload-time = "2026-04-10T18:49:44.219Z" },
]

[[package]]
name = "qtpy"
version = "2.4.3"
source = { registry = "https://pypi.org/simple" }
dependencies = [
    { name = "packaging" },
]
sdist = { url = "https://files.pythonhosted.org/packages/70/01/392eba83c8e47b946b929d7c46e0f04b35e9671f8bb6fc36b6f7945b4de8/qtpy-2.4.3.tar.gz", hash = "sha256:db744f7832e6d3da90568ba6ccbca3ee2b3b4a890c3d6fbbc63142f6e4cdf5bb", size = 66982, upload-time = "2025-02-11T15:09:25.759Z" }
wheels = [
    { url = "https://files.pythonhosted.org/packages/69/76/37c0ccd5ab968a6a438f9c623aeecc84c202ab2fabc6a8fd927580c15b5a/QtPy-2.4.3-py3-none-any.whl", hash = "sha256:72095afe13673e017946cc258b8d5da43314197b741ed2890e563cf384b51aa1", size = 95045, upload-time = "2025-02-11T15:09:24.162Z" },
]

[[package]]
name = "shiboken6"
version = "6.11.1"
source = { registry = "https://pypi.org/simple" }
wheels = [
    { url = "https://files.pythonhosted.org/packages/17/f3/f2b63df0251e7cd3172ea28e32ede52739de9566bcefcd0178681538ac81/shiboken6-6.11.1-cp310-abi3-macosx_13_0_universal2.whl", hash = "sha256:1a16867f103ef1c662a5f09dfed03273a9f81688b174555162c58e83650a3f02", size = 476874, upload-time = "2026-05-13T09:47:01.091Z" },
    { url = "https://files.pythonhosted.org/packages/c7/9b/e0355d8897b5c150770f1d95718aad17d432fcc9c035c04f3f58427d4693/shiboken6-6.11.1-cp310-abi3-manylinux_2_34_x86_64.whl", hash = "sha256:9a8bccfafc8805254cabcfa1edfaf55cd52889f4998c91ad0d9a4433fb1bcdbe", size = 272222, upload-time = "2026-05-13T09:47:02.653Z" },
    { url = "https://files.pythonhosted.org/packages/57/d5/dd4f1defed400be03340f2ede34b61f846776650b4e7ed9ebaf4c71979a2/shiboken6-6.11.1-cp310-abi3-manylinux_2_39_aarch64.whl", hash = "sha256:1bd2f4314414df2d122d9f646e03b731bc6d6b5f77a5f53f99a4fe4e97d84e6f", size = 270350, upload-time = "2026-05-13T09:47:04.02Z" },
    { url = "https://files.pythonhosted.org/packages/52/b5/3f6fb2ee65b534193fb4ef713dd619dc31dadff5d12c16979a7699ad58be/shiboken6-6.11.1-cp310-abi3-win_amd64.whl", hash = "sha256:c2c6863aa80ec18c0f82cea3417837b279cdc60024ac17123461dc9042577df7", size = 1223647, upload-time = "2026-05-13T09:47:05.924Z" },
    { url = "https://files.pythonhosted.org/packages/98/d1/f15ca0e1666faae02c945f48e745ea35f8fcd8243b176109b4e2c4251f47/shiboken6-6.11.1-cp310-abi3-win_arm64.whl", hash = "sha256:7c8d9af17db4495d4fa5b1c393f218311c4855546b9dfa6a0bd21bcd66b55e9d", size = 1784170, upload-time = "2026-05-13T09:47:07.617Z" },
]

[[package]]
name = "shotgun-api3"
version = "3.10.2"
source = { git = "https://github.com/shotgunsoftware/python-api.git#db056df3fb663efa6a69a2c07d2d0b69db35c336" }
